
Microsoft Visual Studio Solution File, Format Version 12.00
# Visual Studio Version 17
VisualStudioVersion = 17.1.32210.238
MinimumVisualStudioVersion = 10.0.40219.1
Project("{FAE04EC0-301F-11D3-BF4B-00C04F79EFBC}") = "liveChat", "liveChat\liveChat.csproj", "{2856EFBE-F674-4701-A218-D9D41530446F}"
EndProject
Global
	GlobalSection(SolutionConfigurationPlatforms) = preSolution
		Debug|Any CPU = Debug|Any CPU
		Release|Any CPU = Release|Any CPU
	EndGlobalSection
	GlobalSection(ProjectConfigurationPlatforms) = postSolution
		{2856EFBE-F674-4701-A218-D9D41530446F}.Debug|Any CPU.ActiveCfg = Debug|Any CPU
		{2856EFBE-F674-4701-A218-D9D41530446F}.Debug|Any CPU.Build.0 = Debug|Any CPU
		{2856EFBE-F674-4701-A218-D9D41530446F}.Release|Any CPU.ActiveCfg = Release|Any CPU
		{2856EFBE-F674-4701-A218-D9D41530446F}.Release|Any CPU.Build.0 = Release|Any CPU
	EndGlobalSection
	GlobalSection(SolutionProperties) = preSolution
		HideSolutionNode = FALSE
	EndGlobalSection
	GlobalSection(ExtensibilityGlobals) = postSolution
		SolutionGuid = {E16D46D5-CDED-44BE-A82A-147CFD014868}
	EndGlobalSection
EndGlobal
